{
  "name": "@grafema/rfdb",
  "version": "0.4.0",
  "lockfileVersion": 3,
  "requires": true,
  "packages": {
    "": {
      "name": "@grafema/rfdb",
      "version": "0.4.0",
      "cpu": [
        "x64",
        "arm64"
      ],
      "hasInstallScript": true,
      "license": "FSL-1.1-Apache-2.0",
      "os": [
        "darwin",
        "linux"
      ],
      "bin": {
        "rfdb": "bin/rfdb-server.js",
        "rfdb-server": "bin/rfdb-server.js"
      },
      "engines": {
        "node": ">= 16"
      }
    }
  }
}
